// !$*UTF8*$!
{
	archiveVersion = 1;
	classes = {
	};
	objectVersion = 46;
	objects = {

/* Begin PBXBuildFile section */
		252684031F44031800860C4C /* ContactManager.swift in Sources */ = {isa = PBXBuildFile; fileRef = 252684021F44031800860C4C /* ContactManager.swift */; };
		2544F4731F57050900428638 /* ContactsVC.swift in Sources */ = {isa = PBXBuildFile; fileRef = 2544F4721F57050900428638 /* ContactsVC.swift */; };
		25F518081F48B4CA00648CCC /* Contact.swift in Sources */ = {isa = PBXBuildFile; fileRef = 25F518071F48B4CA00648CCC /* Contact.swift */; };
		25F5180A1F4D40D100648CCC /* Believer.swift in Sources */ = {isa = PBXBuildFile; fileRef = 25F518091F4D40D100648CCC /* Believer.swift */; };
		47C2E6DCBA78B8D35DB292BE /* Pods_GoodShepherd.framework in Frameworks */ = {isa = PBXBuildFile; fileRef = 65CD95D9A2F1BB8D5F139F09 /* Pods_GoodShepherd.framework */; };
		D1DD48F81F3D2638001C3523 /* CurrentCellVC.swift in Sources */ = {isa = PBXBuildFile; fileRef = D1DD48F71F3D2638001C3523 /* CurrentCellVC.swift */; };
		D1DD48FB1F3D27A9001C3523 /* SheepSummaryTVCell.swift in Sources */ = {isa = PBXBuildFile; fileRef = D1DD48FA1F3D27A9001C3523 /* SheepSummaryTVCell.swift */; };
		D1DD48FD1F3D32A0001C3523 /* Sheep.swift in Sources */ = {isa = PBXBuildFile; fileRef = D1DD48FC1F3D32A0001C3523 /* Sheep.swift */; };
		D1FE17121F328CCB00753949 /* AppDelegate.swift in Sources */ = {isa = PBXBuildFile; fileRef = D1FE17111F328CCB00753949 /* AppDelegate.swift */; };
		D1FE17141F328CCB00753949 /* FirstViewController.swift in Sources */ = {isa = PBXBuildFile; fileRef = D1FE17131F328CCB00753949 /* FirstViewController.swift */; };
		D1FE17191F328CCB00753949 /* Main.storyboard in Resources */ = {isa = PBXBuildFile; fileRef = D1FE17171F328CCB00753949 /* Main.storyboard */; };
		D1FE171B1F328CCB00753949 /* Assets.xcassets in Resources */ = {isa = PBXBuildFile; fileRef = D1FE171A1F328CCB00753949 /* Assets.xcassets */; };
		D1FE171E1F328CCB00753949 /* LaunchScreen.storyboard in Resources */ = {isa = PBXBuildFile; fileRef = D1FE171C1F328CCB00753949 /* LaunchScreen.storyboard */; };
/* End PBXBuildFile section */

/* Begin PBXCopyFilesBuildPhase section */
		2544E4041F75F6B900AE793F /* Embed Frameworks */ = {
			isa = PBXCopyFilesBuildPhase;
			buildActionMask = 2147483647;
			dstPath = "";
			dstSubfolderSpec = 10;
			files = (
			);
			name = "Embed Frameworks";
			runOnlyForDeploymentPostprocessing = 0;
		};
/* End PBXCopyFilesBuildPhase section */

/* Begin PBXFileReference section */
		252684021F44031800860C4C /* ContactManager.swift */ = {isa = PBXFileReference; fileEncoding = 4; lastKnownFileType = sourcecode.swift; name = ContactManager.swift; path = Manager/ContactManager.swift; sourceTree = "<group>"; };
		2544F4721F57050900428638 /* ContactsVC.swift */ = {isa = PBXFileReference; fileEncoding = 4; lastKnownFileType = sourcecode.swift; name = ContactsVC.swift; path = Controller/Contacts/ContactsVC.swift; sourceTree = "<group>"; };
		25F518071F48B4CA00648CCC /* Contact.swift */ = {isa = PBXFileReference; fileEncoding = 4; lastKnownFileType = sourcecode.swift; name = Contact.swift; path = Model/Contact.swift; sourceTree = "<group>"; };
		25F518091F4D40D100648CCC /* Believer.swift */ = {isa = PBXFileReference; fileEncoding = 4; lastKnownFileType = sourcecode.swift; name = Believer.swift; path = Model/Believer.swift; sourceTree = "<group>"; };
		65CD95D9A2F1BB8D5F139F09 /* Pods_GoodShepherd.framework */ = {isa = PBXFileReference; explicitFileType = wrapper.framework; includeInIndex = 0; path = Pods_GoodShepherd.framework; sourceTree = BUILT_PRODUCTS_DIR; };
		D1DD48F71F3D2638001C3523 /* CurrentCellVC.swift */ = {isa = PBXFileReference; fileEncoding = 4; lastKnownFileType = sourcecode.swift; name = CurrentCellVC.swift; path = Controller/CurrentCellVC.swift; sourceTree = "<group>"; };
		D1DD48FA1F3D27A9001C3523 /* SheepSummaryTVCell.swift */ = {isa = PBXFileReference; fileEncoding = 4; lastKnownFileType = sourcecode.swift; name = SheepSummaryTVCell.swift; path = View/TVCells/SheepSummaryTVCell.swift; sourceTree = "<group>"; };
		D1DD48FC1F3D32A0001C3523 /* Sheep.swift */ = {isa = PBXFileReference; fileEncoding = 4; lastKnownFileType = sourcecode.swift; name = Sheep.swift; path = Model/Sheep.swift; sourceTree = "<group>"; };
		D1FE170E1F328CCB00753949 /* GoodShepherd.app */ = {isa = PBXFileReference; explicitFileType = wrapper.application; includeInIndex = 0; path = GoodShepherd.app; sourceTree = BUILT_PRODUCTS_DIR; };
		D1FE17111F328CCB00753949 /* AppDelegate.swift */ = {isa = PBXFileReference; lastKnownFileType = sourcecode.swift; path = AppDelegate.swift; sourceTree = "<group>"; };
		D1FE17131F328CCB00753949 /* FirstViewController.swift */ = {isa = PBXFileReference; lastKnownFileType = sourcecode.swift; path = FirstViewController.swift; sourceTree = "<group>"; };
		D1FE17181F328CCB00753949 /* Base */ = {isa = PBXFileReference; lastKnownFileType = file.storyboard; name = Base; path = Base.lproj/Main.storyboard; sourceTree = "<group>"; };
		D1FE171A1F328CCB00753949 /* Assets.xcassets */ = {isa = PBXFileReference; lastKnownFileType = folder.assetcatalog; path = Assets.xcassets; sourceTree = "<group>"; };
		D1FE171D1F328CCB00753949 /* Base */ = {isa = PBXFileReference; lastKnownFileType = file.storyboard; name = Base; path = Base.lproj/LaunchScreen.storyboard; sourceTree = "<group>"; };
		D1FE171F1F328CCB00753949 /* Info.plist */ = {isa = PBXFileReference; lastKnownFileType = text.plist.xml; path = Info.plist; sourceTree = "<group>"; };
		DC17EE90100679FB19A20BF1 /* Pods-GoodShepherd.release.xcconfig */ = {isa = PBXFileReference; includeInIndex = 1; lastKnownFileType = text.xcconfig; name = "Pods-GoodShepherd.release.xcconfig"; path = "Pods/Target Support Files/Pods-GoodShepherd/Pods-GoodShepherd.release.xcconfig"; sourceTree = "<group>"; };
		E7829D49A3B049999A33A7F4 /* Pods-GoodShepherd.debug.xcconfig */ = {isa = PBXFileReference; includeInIndex = 1; lastKnownFileType = text.xcconfig; name = "Pods-GoodShepherd.debug.xcconfig"; path = "Pods/Target Support Files/Pods-GoodShepherd/Pods-GoodShepherd.debug.xcconfig"; sourceTree = "<group>"; };
/* End PBXFileReference section */

/* Begin PBXFrameworksBuildPhase section */
		D1FE170B1F328CCB00753949 /* Frameworks */ = {
			isa = PBXFrameworksBuildPhase;
			buildActionMask = 2147483647;
			files = (
				47C2E6DCBA78B8D35DB292BE /* Pods_GoodShepherd.framework in Frameworks */,
			);
			runOnlyForDeploymentPostprocessing = 0;
		};
/* End PBXFrameworksBuildPhase section */

/* Begin PBXGroup section */
		252684011F44013F00860C4C /* Manager */ = {
			isa = PBXGroup;
			children = (
				252684021F44031800860C4C /* ContactManager.swift */,
			);
			name = Manager;
			sourceTree = "<group>";
		};
		2544F4711F5704E500428638 /* Contacts */ = {
			isa = PBXGroup;
			children = (
				2544F4721F57050900428638 /* ContactsVC.swift */,
			);
			name = Contacts;
			sourceTree = "<group>";
		};
		6BBA6305B22F00B60301FB0A /* Pods */ = {
			isa = PBXGroup;
			children = (
				E7829D49A3B049999A33A7F4 /* Pods-GoodShepherd.debug.xcconfig */,
				DC17EE90100679FB19A20BF1 /* Pods-GoodShepherd.release.xcconfig */,
			);
			name = Pods;
			sourceTree = "<group>";
		};
		D1DD48F41F3D223F001C3523 /* View */ = {
			isa = PBXGroup;
			children = (
				D1DD48F91F3D2722001C3523 /* TVCells */,
			);
			name = View;
			sourceTree = "<group>";
		};
		D1DD48F51F3D22C3001C3523 /* Controller */ = {
			isa = PBXGroup;
			children = (
				2544F4711F5704E500428638 /* Contacts */,
				D1DD48F71F3D2638001C3523 /* CurrentCellVC.swift */,
			);
			name = Controller;
			sourceTree = "<group>";
		};
		D1DD48F61F3D22C9001C3523 /* Model */ = {
			isa = PBXGroup;
			children = (
				25F518071F48B4CA00648CCC /* Contact.swift */,
				25F518091F4D40D100648CCC /* Believer.swift */,
				D1DD48FC1F3D32A0001C3523 /* Sheep.swift */,
			);
			name = Model;
			sourceTree = "<group>";
		};
		D1DD48F91F3D2722001C3523 /* TVCells */ = {
			isa = PBXGroup;
			children = (
				D1DD48FA1F3D27A9001C3523 /* SheepSummaryTVCell.swift */,
			);
			name = TVCells;
			sourceTree = "<group>";
		};
		D1FE17051F328CCB00753949 = {
			isa = PBXGroup;
			children = (
				D1FE17101F328CCB00753949 /* GoodShepherd */,
				D1FE170F1F328CCB00753949 /* Products */,
				6BBA6305B22F00B60301FB0A /* Pods */,
				D88BE4C6BE8994335AC7D83C /* Frameworks */,
			);
			sourceTree = "<group>";
		};
		D1FE170F1F328CCB00753949 /* Products */ = {
			isa = PBXGroup;
			children = (
				D1FE170E1F328CCB00753949 /* GoodShepherd.app */,
			);
			name = Products;
			sourceTree = "<group>";
		};
		D1FE17101F328CCB00753949 /* GoodShepherd */ = {
			isa = PBXGroup;
			children = (
				D1FE17111F328CCB00753949 /* AppDelegate.swift */,
				252684011F44013F00860C4C /* Manager */,
				D1DD48F61F3D22C9001C3523 /* Model */,
				D1DD48F51F3D22C3001C3523 /* Controller */,
				D1DD48F41F3D223F001C3523 /* View */,
				D1FE17131F328CCB00753949 /* FirstViewController.swift */,
				D1FE17171F328CCB00753949 /* Main.storyboard */,
				D1FE171A1F328CCB00753949 /* Assets.xcassets */,
				D1FE171C1F328CCB00753949 /* LaunchScreen.storyboard */,
				D1FE171F1F328CCB00753949 /* Info.plist */,
			);
			path = GoodShepherd;
			sourceTree = "<group>";
		};
		D88BE4C6BE8994335AC7D83C /* Frameworks */ = {
			isa = PBXGroup;
			children = (
				65CD95D9A2F1BB8D5F139F09 /* Pods_GoodShepherd.framework */,
			);
			name = Frameworks;
			sourceTree = "<group>";
		};
/* End PBXGroup section */

/* Begin PBXNativeTarget section */
		D1FE170D1F328CCB00753949 /* GoodShepherd */ = {
			isa = PBXNativeTarget;
			buildConfigurationList = D1FE17221F328CCB00753949 /* Build configuration list for PBXNativeTarget "GoodShepherd" */;
			buildPhases = (
				6A65278D58E6C3837465B4F0 /* [CP] Check Pods Manifest.lock */,
				D1FE170A1F328CCB00753949 /* Sources */,
				D1FE170B1F328CCB00753949 /* Frameworks */,
				D1FE170C1F328CCB00753949 /* Resources */,
				4436B052C245A636A8891B3E /* [CP] Embed Pods Frameworks */,
				D8A701DBAA85FE0571EAB0CE /* [CP] Copy Pods Resources */,
				2544E4041F75F6B900AE793F /* Embed Frameworks */,
			);
			buildRules = (
			);
			dependencies = (
			);
			name = GoodShepherd;
			productName = GoodShepherd;
			productReference = D1FE170E1F328CCB00753949 /* GoodShepherd.app */;
			productType = "com.apple.product-type.application";
		};
/* End PBXNativeTarget section */

/* Begin PBXProject section */
		D1FE17061F328CCB00753949 /* Project object */ = {
			isa = PBXProject;
			attributes = {
				LastSwiftUpdateCheck = 0830;
				LastUpgradeCheck = 0830;
				ORGANIZATIONNAME = Term;
				TargetAttributes = {
					D1FE170D1F328CCB00753949 = {
						CreatedOnToolsVersion = 8.3.3;
						DevelopmentTeam = 454Q49F5R3;
						ProvisioningStyle = Automatic;
					};
				};
			};
			buildConfigurationList = D1FE17091F328CCB00753949 /* Build configuration list for PBXProject "GoodShepherd" */;
			compatibilityVersion = "Xcode 3.2";
			developmentRegion = English;
			hasScannedForEncodings = 0;
			knownRegions = (
				en,
				Base,
			);
			mainGroup = D1FE17051F328CCB00753949;
			productRefGroup = D1FE170F1F328CCB00753949 /* Products */;
			projectDirPath = "";
			projectRoot = "";
			targets = (
				D1FE170D1F328CCB00753949 /* GoodShepherd */,
			);
		};
/* End PBXProject section */

/* Begin PBXResourcesBuildPhase section */
		D1FE170C1F328CCB00753949 /* Resources */ = {
			isa = PBXResourcesBuildPhase;
			buildActionMask = 2147483647;
			files = (
				D1FE171E1F328CCB00753949 /* LaunchScreen.storyboard in Resources */,
				D1FE171B1F328CCB00753949 /* Assets.xcassets in Resources */,
				D1FE17191F328CCB00753949 /* Main.storyboard in Resources */,
			);
			runOnlyForDeploymentPostprocessing = 0;
		};
/* End PBXResourcesBuildPhase section */

/* Begin PBXShellScriptBuildPhase section */
		4436B052C245A636A8891B3E /* [CP] Embed Pods Frameworks */ = {
			isa = PBXShellScriptBuildPhase;
			buildActionMask = 2147483647;
			files = (
			);
			inputPaths = (
			);
			name = "[CP] Embed Pods Frameworks";
			outputPaths = (
			);
			runOnlyForDeploymentPostprocessing = 0;
			shellPath = /bin/sh;
			shellScript = "\"${SRCROOT}/Pods/Target Support Files/Pods-GoodShepherd/Pods-GoodShepherd-frameworks.sh\"\n";
			showEnvVarsInLog = 0;
		};
		6A65278D58E6C3837465B4F0 /* [CP] Check Pods Manifest.lock */ = {
			isa = PBXShellScriptBuildPhase;
			buildActionMask = 2147483647;
			files = (
			);
			inputPaths = (
			);
			name = "[CP] Check Pods Manifest.lock";
			outputPaths = (
			);
			runOnlyForDeploymentPostprocessing = 0;
			shellPath = /bin/sh;
			shellScript = "diff \"${PODS_ROOT}/../Podfile.lock\" \"${PODS_ROOT}/Manifest.lock\" > /dev/null\nif [[ $? != 0 ]] ; then\n    cat << EOM\nerror: The sandbox is not in sync with the Podfile.lock. Run 'pod install' or update your CocoaPods installation.\nEOM\n    exit 1\nfi\n";
			showEnvVarsInLog = 0;
		};
		D8A701DBAA85FE0571EAB0CE /* [CP] Copy Pods Resources */ = {
			isa = PBXShellScriptBuildPhase;
			buildActionMask = 2147483647;
			files = (
			);
			inputPaths = (
			);
			name = "[CP] Copy Pods Resources";
			outputPaths = (
			);
			runOnlyForDeploymentPostprocessing = 0;
			shellPath = /bin/sh;
			shellScript = "\"${SRCROOT}/Pods/Target Support Files/Pods-GoodShepherd/Pods-GoodShepherd-resources.sh\"\n";
			showEnvVarsInLog = 0;
		};
/* End PBXShellScriptBuildPhase section */

/* Begin PBXSourcesBuildPhase section */
		D1FE170A1F328CCB00753949 /* Sources */ = {
			isa = PBXSourcesBuildPhase;
			buildActionMask = 2147483647;
			files = (
				D1DD48FB1F3D27A9001C3523 /* SheepSummaryTVCell.swift in Sources */,
				D1DD48FD1F3D32A0001C3523 /* Sheep.swift in Sources */,
				2544F4731F57050900428638 /* ContactsVC.swift in Sources */,
				D1FE17121F328CCB00753949 /* AppDelegate.swift in Sources */,
				D1FE17141F328CCB00753949 /* FirstViewController.swift in Sources */,
				252684031F44031800860C4C /* ContactManager.swift in Sources */,
				D1DD48F81F3D2638001C3523 /* CurrentCellVC.swift in Sources */,
				25F518081F48B4CA00648CCC /* Contact.swift in Sources */,
				25F5180A1F4D40D100648CCC /* Believer.swift in Sources */,
			);
			runOnlyForDeploymentPostprocessing = 0;
		};
/* End PBXSourcesBuildPhase section */

/* Begin PBXVariantGroup section */
		D1FE17171F328CCB00753949 /* Main.storyboard */ = {
			isa = PBXVariantGroup;
			children = (
				D1FE17181F328CCB00753949 /* Base */,
			);
			name = Main.storyboard;
			sourceTree = "<group>";
		};
		D1FE171C1F328CCB00753949 /* LaunchScreen.storyboard */ = {
			isa = PBXVariantGroup;
			children = (
				D1FE171D1F328CCB00753949 /* Base */,
			);
			name = LaunchScreen.storyboard;
			sourceTree = "<group>";
		};
/* End PBXVariantGroup section */

/* Begin XCBuildConfiguration section */
		D1FE17201F328CCB00753949 /* Debug */ = {
			isa = XCBuildConfiguration;
			buildSettings = {
				ALWAYS_SEARCH_USER_PATHS = NO;
				CLANG_ANALYZER_NONNULL = YES;
				CLANG_ANALYZER_NUMBER_OBJECT_CONVERSION = YES_AGGRESSIVE;
				CLANG_CXX_LANGUAGE_STANDARD = "gnu++0x";
				CLANG_CXX_LIBRARY = "libc++";
				CLANG_ENABLE_MODULES = YES;
				CLANG_ENABLE_OBJC_ARC = YES;
				CLANG_WARN_BOOL_CONVERSION = YES;
				CLANG_WARN_CONSTANT_CONVERSION = YES;
				CLANG_WARN_DIRECT_OBJC_ISA_USAGE = YES_ERROR;
				CLANG_WARN_DOCUMENTATION_COMMENTS = YES;
				CLANG_WARN_EMPTY_BODY = YES;
				CLANG_WARN_ENUM_CONVERSION = YES;
				CLANG_WARN_INFINITE_RECURSION = YES;
				CLANG_WARN_INT_CONVERSION = YES;
				CLANG_WARN_OBJC_ROOT_CLASS = YES_ERROR;
				CLANG_WARN_SUSPICIOUS_MOVE = YES;
				CLANG_WARN_UNREACHABLE_CODE = YES;
				CLANG_WARN__DUPLICATE_METHOD_MATCH = YES;
				"CODE_SIGN_IDENTITY[sdk=iphoneos*]" = "iPhone Developer";
				COPY_PHASE_STRIP = NO;
				DEBUG_INFORMATION_FORMAT = dwarf;
				ENABLE_STRICT_OBJC_MSGSEND = YES;
				ENABLE_TESTABILITY = YES;
				GCC_C_LANGUAGE_STANDARD = gnu99;
				GCC_DYNAMIC_NO_PIC = NO;
				GCC_NO_COMMON_BLOCKS = YES;
				GCC_OPTIMIZATION_LEVEL = 0;
				GCC_PREPROCESSOR_DEFINITIONS = (
					"DEBUG=1",
					"$(inherited)",
				);
				GCC_WARN_64_TO_32_BIT_CONVERSION = YES;
				GCC_WARN_ABOUT_RETURN_TYPE = YES_ERROR;
				GCC_WARN_UNDECLARED_SELECTOR = YES;
				GCC_WARN_UNINITIALIZED_AUTOS = YES_AGGRESSIVE;
				GCC_WARN_UNUSED_FUNCTION = YES;
				GCC_WARN_UNUSED_VARIABLE = YES;
				IPHONEOS_DEPLOYMENT_TARGET = 10.3;
				MTL_ENABLE_DEBUG_INFO = YES;
				ONLY_ACTIVE_ARCH = YES;
				SDKROOT = iphoneos;
				SWIFT_ACTIVE_COMPILATION_CONDITIONS = DEBUG;
				SWIFT_OPTIMIZATION_LEVEL = "-Onone";
				TARGETED_DEVICE_FAMILY = "1,2";
			};
			name = Debug;
		};
		D1FE17211F328CCB00753949 /* Release */ = {
			isa = XCBuildConfiguration;
			buildSettings = {
				ALWAYS_SEARCH_USER_PATHS = NO;
				CLANG_ANALYZER_NONNULL = YES;
				CLANG_ANALYZER_NUMBER_OBJECT_CONVERSION = YES_AGGRESSIVE;
				CLANG_CXX_LANGUAGE_STANDARD = "gnu++0x";
				CLANG_CXX_LIBRARY = "libc++";
				CLANG_ENABLE_MODULES = YES;
				CLANG_ENABLE_OBJC_ARC = YES;
				CLANG_WARN_BOOL_CONVERSION = YES;
				CLANG_WARN_CONSTANT_CONVERSION = YES;
				CLANG_WARN_DIRECT_OBJC_ISA_USAGE = YES_ERROR;
				CLANG_WARN_DOCUMENTATION_COMMENTS = YES;
				CLANG_WARN_EMPTY_BODY = YES;
				CLANG_WARN_ENUM_CONVERSION = YES;
				CLANG_WARN_INFINITE_RECURSION = YES;
				CLANG_WARN_INT_CONVERSION = YES;
				CLANG_WARN_OBJC_ROOT_CLASS = YES_ERROR;
				CLANG_WARN_SUSPICIOUS_MOVE = YES;
				CLANG_WARN_UNREACHABLE_CODE = YES;
				CLANG_WARN__DUPLICATE_METHOD_MATCH = YES;
				"CODE_SIGN_IDENTITY[sdk=iphoneos*]" = "iPhone Developer";
				COPY_PHASE_STRIP = NO;
				DEBUG_INFORMATION_FORMAT = "dwarf-with-dsym";
				ENABLE_NS_ASSERTIONS = NO;
				ENABLE_STRICT_OBJC_MSGSEND = YES;
				GCC_C_LANGUAGE_STANDARD = gnu99;
				GCC_NO_COMMON_BLOCKS = YES;
				GCC_WARN_64_TO_32_BIT_CONVERSION = YES;
				GCC_WARN_ABOUT_RETURN_TYPE = YES_ERROR;
				GCC_WARN_UNDECLARED_SELECTOR = YES;
				GCC_WARN_UNINITIALIZED_AUTOS = YES_AGGRESSIVE;
				GCC_WARN_UNUSED_FUNCTION = YES;
				GCC_WARN_UNUSED_VARIABLE = YES;
				IPHONEOS_DEPLOYMENT_TARGET = 10.3;
				MTL_ENABLE_DEBUG_INFO = NO;
				SDKROOT = iphoneos;
				SWIFT_OPTIMIZATION_LEVEL = "-Owholemodule";
				TARGETED_DEVICE_FAMILY = "1,2";
				VALIDATE_PRODUCT = YES;
			};
			name = Release;
		};
		D1FE17231F328CCB00753949 /* Debug */ = {
			isa = XCBuildConfiguration;
			baseConfigurationReference = E7829D49A3B049999A33A7F4 /* Pods-GoodShepherd.debug.xcconfig */;
			buildSettings = {
				ASSETCATALOG_COMPILER_APPICON_NAME = AppIcon;
				"CODE_SIGN_IDENTITY[sdk=iphoneos*]" = "iPhone Developer";
				DEVELOPMENT_TEAM = 454Q49F5R3;
				FRAMEWORK_SEARCH_PATHS = (
					"$(inherited)",
					"$(PROJECT_DIR)",
				);
				INFOPLIST_FILE = GoodShepherd/Info.plist;
				IPHONEOS_DEPLOYMENT_TARGET = 10.0;
				LD_RUNPATH_SEARCH_PATHS = "$(inherited) @executable_path/Frameworks";
				PRODUCT_BUNDLE_IDENTIFIER = com.test.goodshepherd.GoodShepherd;
				PRODUCT_NAME = "$(TARGET_NAME)";
				PROVISIONING_PROFILE_SPECIFIER = "";
				SWIFT_VERSION = 3.0;
			};
			name = Debug;
		};
		D1FE17241F328CCB00753949 /* Release */ = {
			isa = XCBuildConfiguration;
			baseConfigurationReference = DC17EE90100679FB19A20BF1 /* Pods-GoodShepherd.release.xcconfig */;
			buildSettings = {
				ASSETCATALOG_COMPILER_APPICON_NAME = AppIcon;
				"CODE_SIGN_IDENTITY[sdk=iphoneos*]" = "iPhone Developer";
				DEVELOPMENT_TEAM = 454Q49F5R3;
				FRAMEWORK_SEARCH_PATHS = (
					"$(inherited)",
					"$(PROJECT_DIR)",
				);
				INFOPLIST_FILE = GoodShepherd/Info.plist;
				IPHONEOS_DEPLOYMENT_TARGET = 10.0;
				LD_RUNPATH_SEARCH_PATHS = "$(inherited) @executable_path/Frameworks";
				PRODUCT_BUNDLE_IDENTIFIER = com.test.goodshepherd.GoodShepherd;
				PRODUCT_NAME = "$(TARGET_NAME)";
				PROVISIONING_PROFILE_SPECIFIER = "";
				SWIFT_VERSION = 3.0;
			};
			name = Release;
		};
/* End XCBuildConfiguration section */

/* Begin XCConfigurationList section */
		D1FE17091F328CCB00753949 /* Build configuration list for PBXProject "GoodShepherd" */ = {
			isa = XCConfigurationList;
			buildConfigurations = (
				D1FE17201F328CCB00753949 /* Debug */,
				D1FE17211F328CCB00753949 /* Release */,
			);
			defaultConfigurationIsVisible = 0;
			defaultConfigurationName = Release;
		};
		D1FE17221F328CCB00753949 /* Build configuration list for PBXNativeTarget "GoodShepherd" */ = {
			isa = XCConfigurationList;
			buildConfigurations = (
				D1FE17231F328CCB00753949 /* Debug */,
				D1FE17241F328CCB00753949 /* Release */,
			);
			defaultConfigurationIsVisible = 0;
			defaultConfigurationName = Release;
		};
/* End XCConfigurationList section */
	};
	rootObject = D1FE17061F328CCB00753949 /* Project object */;
}
